<Solution>
  <Project Path="beeCrowd1067/beeCrowd1067.csproj" />
  <Project Path="beeCrowd1071/beeCrowd1071.csproj" />
  <Project Path="beeCrowd1072/beeCrowd1072.csproj" Id="f385a7d0-e196-4a8a-8b95-f025c958f336" />
  <Project Path="beeCrowd1073/beeCrowd1073.csproj" Id="4a3074bf-e785-470d-a42f-cd7118fe7a5e" />
  <Project Path="beeCrowd1074/beeCrowd1074.csproj" Id="d921b76b-71ec-45f6-a385-8f3eff93f419" />
  <Project Path="beeCrowd1075/beeCrowd1075.csproj" Id="eb88cea9-1d3e-4ea5-8671-16e73dbc8208" />
  <Project Path="beeCrowd1079/beeCrowd1079.csproj" Id="60484be0-7342-4755-af6d-3c07aef82019" />
  <Project Path="beeCrowd1080/beeCrowd1080.csproj" Id="463e77ea-4c8e-4c0a-a772-7d6349208b0c" />
  <Project Path="beeCrowd1094/vetorEx01.csproj" Id="5de8c4f4-f8a7-4773-bf6b-69c46dbec022" />
  <Project Path="vetorEx02/vetorEx02.csproj" Id="648e980c-4f2f-4af1-b4f7-3fb07f4fcd5c" />
  <Project Path="vetorEx03/vetorEx03.csproj" Id="10a1f3c5-1da4-4a87-bbfc-1cf529c359c3" />
  <Project Path="vetorEx04/vetorEx04.csproj" Id="60e2f445-ec8c-4dd7-b580-7296892eddfb" />
  <Project Path="vetorEx05/vetorEx05.csproj" Id="3fd0229d-7bdf-48ce-8630-748b924d0629" />
</Solution>
